
Microsoft Visual Studio Solution File, Format Version 12.00
# Visual Studio Version 17
VisualStudioVersion = 17.4.33122.133
MinimumVisualStudioVersion = 10.0.40219.1
Project("{9A19103F-16F7-4668-BE54-9A1E7A4F7556}") = "TinySocial.API", "TinySocial.API\TinySocial.API.csproj", "{507573E5-7D67-446D-BF86-B56B0678755B}"
EndProject
Project("{FAE04EC0-301F-11D3-BF4B-00C04F79EFBC}") = "TinySocial.Services", "TinySocial.Services\TinySocial.Services.csproj", "{3AB89BE8-7A09-408C-B578-90BBB05AD9EC}"
EndProject
Project("{FAE04EC0-301F-11D3-BF4B-00C04F79EFBC}") = "TinySocial.DataAccess", "TinySocial.DataAccess\TinySocial.DataAccess.csproj", "{C4E15EC2-23D5-4FF2-9CF4-77B0A5BF3961}"
EndProject
Global
	GlobalSection(SolutionConfigurationPlatforms) = preSolution
		Debug|Any CPU = Debug|Any CPU
		Release|Any CPU = Release|Any CPU
	EndGlobalSection
	GlobalSection(ProjectConfigurationPlatforms) = postSolution
		{507573E5-7D67-446D-BF86-B56B0678755B}.Debug|Any CPU.ActiveCfg = Debug|Any CPU
		{507573E5-7D67-446D-BF86-B56B0678755B}.Debug|Any CPU.Build.0 = Debug|Any CPU
		{507573E5-7D67-446D-BF86-B56B0678755B}.Release|Any CPU.ActiveCfg = Release|Any CPU
		{507573E5-7D67-446D-BF86-B56B0678755B}.Release|Any CPU.Build.0 = Release|Any CPU
		{3AB89BE8-7A09-408C-B578-90BBB05AD9EC}.Debug|Any CPU.ActiveCfg = Debug|Any CPU
		{3AB89BE8-7A09-408C-B578-90BBB05AD9EC}.Debug|Any CPU.Build.0 = Debug|Any CPU
		{3AB89BE8-7A09-408C-B578-90BBB05AD9EC}.Release|Any CPU.ActiveCfg = Release|Any CPU
		{3AB89BE8-7A09-408C-B578-90BBB05AD9EC}.Release|Any CPU.Build.0 = Release|Any CPU
		{C4E15EC2-23D5-4FF2-9CF4-77B0A5BF3961}.Debug|Any CPU.ActiveCfg = Debug|Any CPU
		{C4E15EC2-23D5-4FF2-9CF4-77B0A5BF3961}.Debug|Any CPU.Build.0 = Debug|Any CPU
		{C4E15EC2-23D5-4FF2-9CF4-77B0A5BF3961}.Release|Any CPU.ActiveCfg = Release|Any CPU
		{C4E15EC2-23D5-4FF2-9CF4-77B0A5BF3961}.Release|Any CPU.Build.0 = Release|Any CPU
	EndGlobalSection
	GlobalSection(SolutionProperties) = preSolution
		HideSolutionNode = FALSE
	EndGlobalSection
	GlobalSection(ExtensibilityGlobals) = postSolution
		SolutionGuid = {D47499D4-4CD6-4B63-97E1-4A46D81E9E73}
	EndGlobalSection
EndGlobal
